
Microsoft Visual Studio Solution File, Format Version 12.00
# Visual Studio Version 17
VisualStudioVersion = 17.14.36408.4 d17.14
MinimumVisualStudioVersion = 10.0.40219.1
Project("{FAE04EC0-301F-11D3-BF4B-00C04F79EFBC}") = "LVDDay9", "LVDDay9\LVDDay9.csproj", "{334BE362-A652-442A-9559-62D39D95A6E9}"
EndProject
Global
	GlobalSection(SolutionConfigurationPlatforms) = preSolution
		Debug|Any CPU = Debug|Any CPU
		Release|Any CPU = Release|Any CPU
	EndGlobalSection
	GlobalSection(ProjectConfigurationPlatforms) = postSolution
		{334BE362-A652-442A-9559-62D39D95A6E9}.Debug|Any CPU.ActiveCfg = Debug|Any CPU
		{334BE362-A652-442A-9559-62D39D95A6E9}.Debug|Any CPU.Build.0 = Debug|Any CPU
		{334BE362-A652-442A-9559-62D39D95A6E9}.Release|Any CPU.ActiveCfg = Release|Any CPU
		{334BE362-A652-442A-9559-62D39D95A6E9}.Release|Any CPU.Build.0 = Release|Any CPU
	EndGlobalSection
	GlobalSection(SolutionProperties) = preSolution
		HideSolutionNode = FALSE
	EndGlobalSection
	GlobalSection(ExtensibilityGlobals) = postSolution
		SolutionGuid = {C386C8DF-2C83-48B2-8437-7A9B25D56A03}
	EndGlobalSection
EndGlobal
