
Microsoft Visual Studio Solution File, Format Version 12.00
# Visual Studio Version 17
VisualStudioVersion = 17.14.36408.4
MinimumVisualStudioVersion = 10.0.40219.1
Project("{FAE04EC0-301F-11D3-BF4B-00C04F79EFBC}") = "BTT5", "BTT5\BTT5.csproj", "{ED864B16-268B-434D-9474-8AEA17D17882}"
EndProject
Global
	GlobalSection(SolutionConfigurationPlatforms) = preSolution
		Debug|Any CPU = Debug|Any CPU
		Release|Any CPU = Release|Any CPU
	EndGlobalSection
	GlobalSection(ProjectConfigurationPlatforms) = postSolution
		{ED864B16-268B-434D-9474-8AEA17D17882}.Debug|Any CPU.ActiveCfg = Debug|Any CPU
		{ED864B16-268B-434D-9474-8AEA17D17882}.Debug|Any CPU.Build.0 = Debug|Any CPU
		{ED864B16-268B-434D-9474-8AEA17D17882}.Release|Any CPU.ActiveCfg = Release|Any CPU
		{ED864B16-268B-434D-9474-8AEA17D17882}.Release|Any CPU.Build.0 = Release|Any CPU
	EndGlobalSection
	GlobalSection(SolutionProperties) = preSolution
		HideSolutionNode = FALSE
	EndGlobalSection
	GlobalSection(ExtensibilityGlobals) = postSolution
		SolutionGuid = {1485447D-BF66-4F96-8D65-0C3D278FCD10}
	EndGlobalSection
EndGlobal
