
Microsoft Visual Studio Solution File, Format Version 12.00
# Visual Studio Version 17
VisualStudioVersion = 17.14.36408.4 d17.14
MinimumVisualStudioVersion = 10.0.40219.1
Project("{FAE04EC0-301F-11D3-BF4B-00C04F79EFBC}") = "LVD3", "LVD3\LVD3.csproj", "{6CE19193-8C61-4F8C-B495-86B04950B45F}"
EndProject
Global
	GlobalSection(SolutionConfigurationPlatforms) = preSolution
		Debug|Any CPU = Debug|Any CPU
		Release|Any CPU = Release|Any CPU
	EndGlobalSection
	GlobalSection(ProjectConfigurationPlatforms) = postSolution
		{6CE19193-8C61-4F8C-B495-86B04950B45F}.Debug|Any CPU.ActiveCfg = Debug|Any CPU
		{6CE19193-8C61-4F8C-B495-86B04950B45F}.Debug|Any CPU.Build.0 = Debug|Any CPU
		{6CE19193-8C61-4F8C-B495-86B04950B45F}.Release|Any CPU.ActiveCfg = Release|Any CPU
		{6CE19193-8C61-4F8C-B495-86B04950B45F}.Release|Any CPU.Build.0 = Release|Any CPU
	EndGlobalSection
	GlobalSection(SolutionProperties) = preSolution
		HideSolutionNode = FALSE
	EndGlobalSection
	GlobalSection(ExtensibilityGlobals) = postSolution
		SolutionGuid = {A826554D-59C1-420D-85E5-8E0F6911E293}
	EndGlobalSection
EndGlobal
