
Microsoft Visual Studio Solution File, Format Version 12.00
# Visual Studio Version 17
VisualStudioVersion = 17.14.36408.4 d17.14
MinimumVisualStudioVersion = 10.0.40219.1
Project("{FAE04EC0-301F-11D3-BF4B-00C04F79EFBC}") = "BTT6", "BTT6\BTT6.csproj", "{D7D64FCC-8A8F-4B9F-8D91-B810B5E1C3D5}"
EndProject
Global
	GlobalSection(SolutionConfigurationPlatforms) = preSolution
		Debug|Any CPU = Debug|Any CPU
		Release|Any CPU = Release|Any CPU
	EndGlobalSection
	GlobalSection(ProjectConfigurationPlatforms) = postSolution
		{D7D64FCC-8A8F-4B9F-8D91-B810B5E1C3D5}.Debug|Any CPU.ActiveCfg = Debug|Any CPU
		{D7D64FCC-8A8F-4B9F-8D91-B810B5E1C3D5}.Debug|Any CPU.Build.0 = Debug|Any CPU
		{D7D64FCC-8A8F-4B9F-8D91-B810B5E1C3D5}.Release|Any CPU.ActiveCfg = Release|Any CPU
		{D7D64FCC-8A8F-4B9F-8D91-B810B5E1C3D5}.Release|Any CPU.Build.0 = Release|Any CPU
	EndGlobalSection
	GlobalSection(SolutionProperties) = preSolution
		HideSolutionNode = FALSE
	EndGlobalSection
	GlobalSection(ExtensibilityGlobals) = postSolution
		SolutionGuid = {30327A28-F7D1-4124-9F95-9EBDDFA10976}
	EndGlobalSection
EndGlobal
