
Microsoft Visual Studio Solution File, Format Version 12.00
# Visual Studio Version 17
VisualStudioVersion = 17.14.36408.4 d17.14
MinimumVisualStudioVersion = 10.0.40219.1
Project("{FAE04EC0-301F-11D3-BF4B-00C04F79EFBC}") = "BTTT7", "BTTT7\BTTT7.csproj", "{8ADFF610-3F96-4F28-A3AB-0826BBB13062}"
EndProject
Global
	GlobalSection(SolutionConfigurationPlatforms) = preSolution
		Debug|Any CPU = Debug|Any CPU
		Release|Any CPU = Release|Any CPU
	EndGlobalSection
	GlobalSection(ProjectConfigurationPlatforms) = postSolution
		{8ADFF610-3F96-4F28-A3AB-0826BBB13062}.Debug|Any CPU.ActiveCfg = Debug|Any CPU
		{8ADFF610-3F96-4F28-A3AB-0826BBB13062}.Debug|Any CPU.Build.0 = Debug|Any CPU
		{8ADFF610-3F96-4F28-A3AB-0826BBB13062}.Release|Any CPU.ActiveCfg = Release|Any CPU
		{8ADFF610-3F96-4F28-A3AB-0826BBB13062}.Release|Any CPU.Build.0 = Release|Any CPU
	EndGlobalSection
	GlobalSection(SolutionProperties) = preSolution
		HideSolutionNode = FALSE
	EndGlobalSection
	GlobalSection(ExtensibilityGlobals) = postSolution
		SolutionGuid = {4E8B8B52-BF82-491C-925A-2BEB2E026346}
	EndGlobalSection
EndGlobal
