
Microsoft Visual Studio Solution File, Format Version 12.00
# Visual Studio Version 17
VisualStudioVersion = 17.14.36408.4 d17.14
MinimumVisualStudioVersion = 10.0.40219.1
Project("{FAE04EC0-301F-11D3-BF4B-00C04F79EFBC}") = "D12TH_1", "D12TH_1\D12TH_1.csproj", "{010F75DF-D14A-4B3D-81AA-F83ACD48A105}"
EndProject
Global
	GlobalSection(SolutionConfigurationPlatforms) = preSolution
		Debug|Any CPU = Debug|Any CPU
		Release|Any CPU = Release|Any CPU
	EndGlobalSection
	GlobalSection(ProjectConfigurationPlatforms) = postSolution
		{010F75DF-D14A-4B3D-81AA-F83ACD48A105}.Debug|Any CPU.ActiveCfg = Debug|Any CPU
		{010F75DF-D14A-4B3D-81AA-F83ACD48A105}.Debug|Any CPU.Build.0 = Debug|Any CPU
		{010F75DF-D14A-4B3D-81AA-F83ACD48A105}.Release|Any CPU.ActiveCfg = Release|Any CPU
		{010F75DF-D14A-4B3D-81AA-F83ACD48A105}.Release|Any CPU.Build.0 = Release|Any CPU
	EndGlobalSection
	GlobalSection(SolutionProperties) = preSolution
		HideSolutionNode = FALSE
	EndGlobalSection
	GlobalSection(ExtensibilityGlobals) = postSolution
		SolutionGuid = {28A89DB9-3B73-4814-92FD-A5100220102B}
	EndGlobalSection
EndGlobal
