
Microsoft Visual Studio Solution File, Format Version 12.00
# Visual Studio Version 17
VisualStudioVersion = 17.14.36408.4 d17.14
MinimumVisualStudioVersion = 10.0.40219.1
Project("{FAE04EC0-301F-11D3-BF4B-00C04F79EFBC}") = "BTT3", "BTT3\BTT3.csproj", "{7F9ECC14-875C-40D5-ABAB-EF59E4FC9890}"
EndProject
Global
	GlobalSection(SolutionConfigurationPlatforms) = preSolution
		Debug|Any CPU = Debug|Any CPU
		Release|Any CPU = Release|Any CPU
	EndGlobalSection
	GlobalSection(ProjectConfigurationPlatforms) = postSolution
		{7F9ECC14-875C-40D5-ABAB-EF59E4FC9890}.Debug|Any CPU.ActiveCfg = Debug|Any CPU
		{7F9ECC14-875C-40D5-ABAB-EF59E4FC9890}.Debug|Any CPU.Build.0 = Debug|Any CPU
		{7F9ECC14-875C-40D5-ABAB-EF59E4FC9890}.Release|Any CPU.ActiveCfg = Release|Any CPU
		{7F9ECC14-875C-40D5-ABAB-EF59E4FC9890}.Release|Any CPU.Build.0 = Release|Any CPU
	EndGlobalSection
	GlobalSection(SolutionProperties) = preSolution
		HideSolutionNode = FALSE
	EndGlobalSection
	GlobalSection(ExtensibilityGlobals) = postSolution
		SolutionGuid = {8D99D643-B422-4EAE-91F5-CA133D161771}
	EndGlobalSection
EndGlobal
