
Microsoft Visual Studio Solution File, Format Version 12.00
# Visual Studio Version 17
VisualStudioVersion = 17.14.36408.4 d17.14
MinimumVisualStudioVersion = 10.0.40219.1
Project("{FAE04EC0-301F-11D3-BF4B-00C04F79EFBC}") = "Book", "Book\Book.csproj", "{5B171CAD-0CC9-420C-BE9C-3ADEF99A35DA}"
EndProject
Global
	GlobalSection(SolutionConfigurationPlatforms) = preSolution
		Debug|Any CPU = Debug|Any CPU
		Release|Any CPU = Release|Any CPU
	EndGlobalSection
	GlobalSection(ProjectConfigurationPlatforms) = postSolution
		{5B171CAD-0CC9-420C-BE9C-3ADEF99A35DA}.Debug|Any CPU.ActiveCfg = Debug|Any CPU
		{5B171CAD-0CC9-420C-BE9C-3ADEF99A35DA}.Debug|Any CPU.Build.0 = Debug|Any CPU
		{5B171CAD-0CC9-420C-BE9C-3ADEF99A35DA}.Release|Any CPU.ActiveCfg = Release|Any CPU
		{5B171CAD-0CC9-420C-BE9C-3ADEF99A35DA}.Release|Any CPU.Build.0 = Release|Any CPU
	EndGlobalSection
	GlobalSection(SolutionProperties) = preSolution
		HideSolutionNode = FALSE
	EndGlobalSection
	GlobalSection(ExtensibilityGlobals) = postSolution
		SolutionGuid = {0BFDAEB8-6C63-40E0-87E8-2173E89FBDC5}
	EndGlobalSection
EndGlobal
